
Microsoft Visual Studio Solution File, Format Version 12.00
# Visual Studio Version 17
VisualStudioVersion = 17.12.35527.113
MinimumVisualStudioVersion = 10.0.40219.1
Project("{FAE04EC0-301F-11D3-BF4B-00C04F79EFBC}") = "USDA.ARS.NPGS.Web.UI", "USDA.ARS.NPGS.Web.UI\USDA.ARS.NPGS.Web.UI.csproj", "{2117CAD1-7B1C-409D-95CA-1DA35BE66C57}"
EndProject
Project("{FAE04EC0-301F-11D3-BF4B-00C04F79EFBC}") = "USDA.ARS.GRINGlobal.Data", "USDA.ARS.GRINGlobal.Data\USDA.ARS.GRINGlobal.Data.csproj", "{F218E08C-8B6F-4D61-88A0-E254F33E62D9}"
EndProject
Project("{FAE04EC0-301F-11D3-BF4B-00C04F79EFBC}") = "USDA.ARS.GRINGlobal.Domain", "USDA.ARS.GRINGlobal.Domain\USDA.ARS.GRINGlobal.Domain.csproj", "{E20D3D4D-A6CF-4B68-BB14-16C854A4CFF5}"
EndProject
Project("{FAE04EC0-301F-11D3-BF4B-00C04F79EFBC}") = "USDA.ARS.GRINGlobal.API.Web", "USDA.ARS.GRINGlobal.API.Web\USDA.ARS.GRINGlobal.API.Web.csproj", "{1BF56C44-8D18-4320-81AD-DF3FE3B39674}"
EndProject
Global
	GlobalSection(SolutionConfigurationPlatforms) = preSolution
		Debug|Any CPU = Debug|Any CPU
		Release|Any CPU = Release|Any CPU
	EndGlobalSection
	GlobalSection(ProjectConfigurationPlatforms) = postSolution
		{2117CAD1-7B1C-409D-95CA-1DA35BE66C57}.Debug|Any CPU.ActiveCfg = Debug|Any CPU
		{2117CAD1-7B1C-409D-95CA-1DA35BE66C57}.Debug|Any CPU.Build.0 = Debug|Any CPU
		{2117CAD1-7B1C-409D-95CA-1DA35BE66C57}.Release|Any CPU.ActiveCfg = Release|Any CPU
		{2117CAD1-7B1C-409D-95CA-1DA35BE66C57}.Release|Any CPU.Build.0 = Release|Any CPU
		{F218E08C-8B6F-4D61-88A0-E254F33E62D9}.Debug|Any CPU.ActiveCfg = Debug|Any CPU
		{F218E08C-8B6F-4D61-88A0-E254F33E62D9}.Debug|Any CPU.Build.0 = Debug|Any CPU
		{F218E08C-8B6F-4D61-88A0-E254F33E62D9}.Release|Any CPU.ActiveCfg = Release|Any CPU
		{F218E08C-8B6F-4D61-88A0-E254F33E62D9}.Release|Any CPU.Build.0 = Release|Any CPU
		{E20D3D4D-A6CF-4B68-BB14-16C854A4CFF5}.Debug|Any CPU.ActiveCfg = Debug|Any CPU
		{E20D3D4D-A6CF-4B68-BB14-16C854A4CFF5}.Debug|Any CPU.Build.0 = Debug|Any CPU
		{E20D3D4D-A6CF-4B68-BB14-16C854A4CFF5}.Release|Any CPU.ActiveCfg = Release|Any CPU
		{E20D3D4D-A6CF-4B68-BB14-16C854A4CFF5}.Release|Any CPU.Build.0 = Release|Any CPU
		{1BF56C44-8D18-4320-81AD-DF3FE3B39674}.Debug|Any CPU.ActiveCfg = Debug|Any CPU
		{1BF56C44-8D18-4320-81AD-DF3FE3B39674}.Debug|Any CPU.Build.0 = Debug|Any CPU
		{1BF56C44-8D18-4320-81AD-DF3FE3B39674}.Release|Any CPU.ActiveCfg = Release|Any CPU
		{1BF56C44-8D18-4320-81AD-DF3FE3B39674}.Release|Any CPU.Build.0 = Release|Any CPU
	EndGlobalSection
	GlobalSection(SolutionProperties) = preSolution
		HideSolutionNode = FALSE
	EndGlobalSection
EndGlobal
