
Microsoft Visual Studio Solution File, Format Version 12.00
# Visual Studio Version 17
VisualStudioVersion = 17.12.35527.113
MinimumVisualStudioVersion = 10.0.40219.1
Project("{FAE04EC0-301F-11D3-BF4B-00C04F79EFBC}") = "USDA.Taxonomy.API.Web", "USDA.ARS.GRIN.GRINGlobal.API.Web\USDA.Taxonomy.API.Web.csproj", "{1869867F-606F-408C-97F4-94A6C5C5F105}"
EndProject
Project("{FAE04EC0-301F-11D3-BF4B-00C04F79EFBC}") = "USDA.Taxonomy.API.Domain", "USDA.ARS.GRIN.GRINGlobal.API.Domain\USDA.Taxonomy.API.Domain.csproj", "{5FBDA7FF-5638-474D-8ED2-7B8364C8F214}"
EndProject
Project("{FAE04EC0-301F-11D3-BF4B-00C04F79EFBC}") = "USDA.Taxonomy.API.Data", "USDA.ARS.GRIN.GRINGlobal.API.Data\USDA.Taxonomy.API.Data.csproj", "{7EE41CEB-1A5B-47EB-BB32-C84C9AAA2746}"
EndProject
Global
	GlobalSection(SolutionConfigurationPlatforms) = preSolution
		Debug|Any CPU = Debug|Any CPU
		Release|Any CPU = Release|Any CPU
	EndGlobalSection
	GlobalSection(ProjectConfigurationPlatforms) = postSolution
		{1869867F-606F-408C-97F4-94A6C5C5F105}.Debug|Any CPU.ActiveCfg = Debug|Any CPU
		{1869867F-606F-408C-97F4-94A6C5C5F105}.Debug|Any CPU.Build.0 = Debug|Any CPU
		{1869867F-606F-408C-97F4-94A6C5C5F105}.Release|Any CPU.ActiveCfg = Release|Any CPU
		{1869867F-606F-408C-97F4-94A6C5C5F105}.Release|Any CPU.Build.0 = Release|Any CPU
		{5FBDA7FF-5638-474D-8ED2-7B8364C8F214}.Debug|Any CPU.ActiveCfg = Debug|Any CPU
		{5FBDA7FF-5638-474D-8ED2-7B8364C8F214}.Debug|Any CPU.Build.0 = Debug|Any CPU
		{5FBDA7FF-5638-474D-8ED2-7B8364C8F214}.Release|Any CPU.ActiveCfg = Release|Any CPU
		{5FBDA7FF-5638-474D-8ED2-7B8364C8F214}.Release|Any CPU.Build.0 = Release|Any CPU
		{7EE41CEB-1A5B-47EB-BB32-C84C9AAA2746}.Debug|Any CPU.ActiveCfg = Debug|Any CPU
		{7EE41CEB-1A5B-47EB-BB32-C84C9AAA2746}.Debug|Any CPU.Build.0 = Debug|Any CPU
		{7EE41CEB-1A5B-47EB-BB32-C84C9AAA2746}.Release|Any CPU.ActiveCfg = Release|Any CPU
		{7EE41CEB-1A5B-47EB-BB32-C84C9AAA2746}.Release|Any CPU.Build.0 = Release|Any CPU
	EndGlobalSection
	GlobalSection(SolutionProperties) = preSolution
		HideSolutionNode = FALSE
	EndGlobalSection
EndGlobal
